
Microsoft Visual Studio Solution File, Format Version 12.00
# Visual Studio 15
VisualStudioVersion = 15.0.28307.572
MinimumVisualStudioVersion = 10.0.40219.1
Project("{FAE04EC0-301F-11D3-BF4B-00C04F79EFBC}") = "NumeneraMate.Apps.WPF", "NumeneraMate.Apps.WPF\NumeneraMate.Apps.WPF.csproj", "{CDC5951E-F7A0-4DA2-B663-A54BF8A3E708}"
EndProject
Project("{FAE04EC0-301F-11D3-BF4B-00C04F79EFBC}") = "NumeneraMate.Apps.Console", "NumeneraMate.Apps.Console\NumeneraMate.Apps.Console.csproj", "{37A602B3-48CA-4681-B0E4-594752FA15C5}"
EndProject
Project("{FAE04EC0-301F-11D3-BF4B-00C04F79EFBC}") = "NumeneraMate.Libs.DataAccess", "NumeneraMate.Libs.DataAccess\NumeneraMate.Libs.DataAccess.csproj", "{36A23079-79B8-405D-A8A4-FBCF0325D613}"
EndProject
Global
	GlobalSection(SolutionConfigurationPlatforms) = preSolution
		Debug|Any CPU = Debug|Any CPU
		Release|Any CPU = Release|Any CPU
	EndGlobalSection
	GlobalSection(ProjectConfigurationPlatforms) = postSolution
		{CDC5951E-F7A0-4DA2-B663-A54BF8A3E708}.Debug|Any CPU.ActiveCfg = Debug|Any CPU
		{CDC5951E-F7A0-4DA2-B663-A54BF8A3E708}.Debug|Any CPU.Build.0 = Debug|Any CPU
		{CDC5951E-F7A0-4DA2-B663-A54BF8A3E708}.Release|Any CPU.ActiveCfg = Release|Any CPU
		{CDC5951E-F7A0-4DA2-B663-A54BF8A3E708}.Release|Any CPU.Build.0 = Release|Any CPU
		{37A602B3-48CA-4681-B0E4-594752FA15C5}.Debug|Any CPU.ActiveCfg = Debug|Any CPU
		{37A602B3-48CA-4681-B0E4-594752FA15C5}.Debug|Any CPU.Build.0 = Debug|Any CPU
		{37A602B3-48CA-4681-B0E4-594752FA15C5}.Release|Any CPU.ActiveCfg = Release|Any CPU
		{37A602B3-48CA-4681-B0E4-594752FA15C5}.Release|Any CPU.Build.0 = Release|Any CPU
		{36A23079-79B8-405D-A8A4-FBCF0325D613}.Debug|Any CPU.ActiveCfg = Debug|Any CPU
		{36A23079-79B8-405D-A8A4-FBCF0325D613}.Debug|Any CPU.Build.0 = Debug|Any CPU
		{36A23079-79B8-405D-A8A4-FBCF0325D613}.Release|Any CPU.ActiveCfg = Release|Any CPU
		{36A23079-79B8-405D-A8A4-FBCF0325D613}.Release|Any CPU.Build.0 = Release|Any CPU
	EndGlobalSection
	GlobalSection(SolutionProperties) = preSolution
		HideSolutionNode = FALSE
	EndGlobalSection
	GlobalSection(ExtensibilityGlobals) = postSolution
		SolutionGuid = {56016249-EFED-49E0-B873-530BDAE27BA0}
	EndGlobalSection
EndGlobal
