
Microsoft Visual Studio Solution File, Format Version 12.00
# Visual Studio Version 16
VisualStudioVersion = 16.0.30320.27
MinimumVisualStudioVersion = 10.0.40219.1
Project("{FAE04EC0-301F-11D3-BF4B-00C04F79EFBC}") = "NumeneraMate.Apps.ConsoleApp", "NumeneraMate.Apps.ConsoleApp\NumeneraMate.Apps.ConsoleApp.csproj", "{37A602B3-48CA-4681-B0E4-594752FA15C5}"
EndProject
Project("{FAE04EC0-301F-11D3-BF4B-00C04F79EFBC}") = "NumeneraMate.Libs.Devices", "NumeneraMate.Libs.Devices\NumeneraMate.Libs.Devices.csproj", "{A296F225-153B-4967-A52C-0526B81CB16F}"
EndProject
Global
	GlobalSection(SolutionConfigurationPlatforms) = preSolution
		Debug|Any CPU = Debug|Any CPU
		Release|Any CPU = Release|Any CPU
	EndGlobalSection
	GlobalSection(ProjectConfigurationPlatforms) = postSolution
		{37A602B3-48CA-4681-B0E4-594752FA15C5}.Debug|Any CPU.ActiveCfg = Debug|Any CPU
		{37A602B3-48CA-4681-B0E4-594752FA15C5}.Debug|Any CPU.Build.0 = Debug|Any CPU
		{37A602B3-48CA-4681-B0E4-594752FA15C5}.Release|Any CPU.ActiveCfg = Release|Any CPU
		{37A602B3-48CA-4681-B0E4-594752FA15C5}.Release|Any CPU.Build.0 = Release|Any CPU
		{A296F225-153B-4967-A52C-0526B81CB16F}.Debug|Any CPU.ActiveCfg = Debug|Any CPU
		{A296F225-153B-4967-A52C-0526B81CB16F}.Debug|Any CPU.Build.0 = Debug|Any CPU
		{A296F225-153B-4967-A52C-0526B81CB16F}.Release|Any CPU.ActiveCfg = Release|Any CPU
		{A296F225-153B-4967-A52C-0526B81CB16F}.Release|Any CPU.Build.0 = Release|Any CPU
	EndGlobalSection
	GlobalSection(SolutionProperties) = preSolution
		HideSolutionNode = FALSE
	EndGlobalSection
	GlobalSection(ExtensibilityGlobals) = postSolution
		SolutionGuid = {56016249-EFED-49E0-B873-530BDAE27BA0}
	EndGlobalSection
EndGlobal
